<?xml version="1.0" encoding="UTF-8"?>
<Scheme
   version = "1.3">
   <BuildAction>
      <BuildActionEntries>
         <BuildActionEntry
            buildForRunning = "YES">
            <BuildableReference
               BuildableIdentifier = "primary"
               BlueprintIdentifier = "5CF6F90A818438E32E6A37B5"
               BuildableName = "skyDriveExample.app"
               BlueprintName = "skyDriveExample"
               ReferencedContainer = "container:skyDriveExample.xcodeproj">
            </BuildableReference>
         </BuildActionEntry>
      </BuildActionEntries>
   </BuildAction>
   <LaunchAction
      useCustomWorkingDirectory = "NO"
      buildConfiguration = "Debug">
      <BuildableProductRunnable>
         <BuildableReference
            BuildableIdentifier = "primary"
            BlueprintIdentifier = "5CF6F90A818438E32E6A37B5"
            BuildableName = "skyDriveExample.app"
            BlueprintName = "skyDriveExample"
            ReferencedContainer = "container:skyDriveExample.xcodeproj">
         </BuildableReference>
      </BuildableProductRunnable>
   </LaunchAction>
</Scheme>
